
Microsoft Visual Studio Solution File, Format Version 12.00
# Visual Studio 15
Project("{FAE04EC0-301F-11D3-BF4B-00C04F79EFBC}") = "UnityEngine.TestRunner", "UnityEngine.TestRunner.csproj", "{9CEBB425-CAB8-BBEA-F631-574C31248793}"
EndProject
Project("{FAE04EC0-301F-11D3-BF4B-00C04F79EFBC}") = "UnityEngine.UI", "UnityEngine.UI.csproj", "{B9036D76-04CC-3CD8-759B-80CC5502DF9B}"
EndProject
Project("{FAE04EC0-301F-11D3-BF4B-00C04F79EFBC}") = "Unity.VisualScripting.Flow", "Unity.VisualScripting.Flow.csproj", "{200B2003-5028-427A-7BC0-82379E4AED36}"
EndProject
Project("{FAE04EC0-301F-11D3-BF4B-00C04F79EFBC}") = "Unity.Services.Core.Telemetry", "Unity.Services.Core.Telemetry.csproj", "{274D9BB0-1B03-8B88-86FA-CCB3B5B8FBF6}"
EndProject
Project("{FAE04EC0-301F-11D3-BF4B-00C04F79EFBC}") = "Unity.VisualScripting.State", "Unity.VisualScripting.State.csproj", "{B0F41799-F2BC-FC7D-2C94-31D3E9D8ECCA}"
EndProject
Project("{FAE04EC0-301F-11D3-BF4B-00C04F79EFBC}") = "Unity.VisualScripting.Core", "Unity.VisualScripting.Core.csproj", "{C817ECA4-4E34-BB17-1A49-313F887FF899}"
EndProject
Project("{FAE04EC0-301F-11D3-BF4B-00C04F79EFBC}") = "Unity.Services.Core.Environments.Internal", "Unity.Services.Core.Environments.Internal.csproj", "{0FD1BD7F-7845-18B7-D3A4-50C4CE2DDAA1}"
EndProject
Project("{FAE04EC0-301F-11D3-BF4B-00C04F79EFBC}") = "Unity.TextMeshPro", "Unity.TextMeshPro.csproj", "{892E7EC6-83A8-2C2D-9D16-C8B138F626AE}"
EndProject
Project("{FAE04EC0-301F-11D3-BF4B-00C04F79EFBC}") = "Unity.Timeline", "Unity.Timeline.csproj", "{ADFFCF87-D6FF-1F37-68AE-6F674B2CC4B4}"
EndProject
Project("{FAE04EC0-301F-11D3-BF4B-00C04F79EFBC}") = "Unity.Services.Core", "Unity.Services.Core.csproj", "{EB7D9F4C-981A-DBF9-EE72-25EDA0881E8D}"
EndProject
Project("{FAE04EC0-301F-11D3-BF4B-00C04F79EFBC}") = "Unity.Services.Core.Environments", "Unity.Services.Core.Environments.csproj", "{3D7B9696-473D-568C-20EC-C4879F22D7B4}"
EndProject
Project("{FAE04EC0-301F-11D3-BF4B-00C04F79EFBC}") = "Unity.Services.Core.Internal", "Unity.Services.Core.Internal.csproj", "{9E398263-493C-A7CC-18A5-63E74738ACAA}"
EndProject
Project("{FAE04EC0-301F-11D3-BF4B-00C04F79EFBC}") = "Unity.Services.Core.Analytics", "Unity.Services.Core.Analytics.csproj", "{AE76C3A3-5AD5-63F5-934C-EF1D18797A66}"
EndProject
Project("{FAE04EC0-301F-11D3-BF4B-00C04F79EFBC}") = "Unity.Services.Core.Scheduler", "Unity.Services.Core.Scheduler.csproj", "{BCC06D0F-29B8-11AA-B3CD-8AA495950CF1}"
EndProject
Project("{FAE04EC0-301F-11D3-BF4B-00C04F79EFBC}") = "Unity.Services.Core.Registration", "Unity.Services.Core.Registration.csproj", "{FF872358-EFE5-A653-85AB-605E833208F1}"
EndProject
Project("{FAE04EC0-301F-11D3-BF4B-00C04F79EFBC}") = "Unity.Services.Core.Device", "Unity.Services.Core.Device.csproj", "{22C02DC0-106C-5436-2520-23D60EFF4DE3}"
EndProject
Project("{FAE04EC0-301F-11D3-BF4B-00C04F79EFBC}") = "Unity.Services.Core.Threading", "Unity.Services.Core.Threading.csproj", "{0FE434CF-3914-DE49-CBE4-DDA3BFADA43B}"
EndProject
Project("{FAE04EC0-301F-11D3-BF4B-00C04F79EFBC}") = "Unity.Services.Core.Networking", "Unity.Services.Core.Networking.csproj", "{42C9922C-846B-68DE-E375-BEA4B8053BD9}"
EndProject
Project("{FAE04EC0-301F-11D3-BF4B-00C04F79EFBC}") = "Unity.Services.Core.Configuration", "Unity.Services.Core.Configuration.csproj", "{48B9BFFD-4DDE-5505-CD27-17BE87B8CCF0}"
EndProject
Project("{FAE04EC0-301F-11D3-BF4B-00C04F79EFBC}") = "Assembly-CSharp", "Assembly-CSharp.csproj", "{5FB85AE3-D086-CBEB-FEEA-B363B0289BC7}"
EndProject
Project("{FAE04EC0-301F-11D3-BF4B-00C04F79EFBC}") = "Unity.PlasticSCM.Editor", "Unity.PlasticSCM.Editor.csproj", "{DA357D71-A520-4A76-701A-15469E8986D7}"
EndProject
Project("{FAE04EC0-301F-11D3-BF4B-00C04F79EFBC}") = "Unity.VisualScripting.Core.Editor", "Unity.VisualScripting.Core.Editor.csproj", "{BC5663BE-60A1-887A-B09A-7B6542A8EA9A}"
EndProject
Project("{FAE04EC0-301F-11D3-BF4B-00C04F79EFBC}") = "Unity.VisualScripting.Flow.Editor", "Unity.VisualScripting.Flow.Editor.csproj", "{A8BDEF16-67D4-633E-651E-BEC101E052AF}"
EndProject
Project("{FAE04EC0-301F-11D3-BF4B-00C04F79EFBC}") = "Unity.VisualStudio.Editor", "Unity.VisualStudio.Editor.csproj", "{C5D12D54-E354-9354-5A76-9110698C6ED6}"
EndProject
Project("{FAE04EC0-301F-11D3-BF4B-00C04F79EFBC}") = "Unity.Timeline.Editor", "Unity.Timeline.Editor.csproj", "{54166E04-BDF6-F35D-4221-9E5331D229B9}"
EndProject
Project("{FAE04EC0-301F-11D3-BF4B-00C04F79EFBC}") = "Unity.VisualScripting.State.Editor", "Unity.VisualScripting.State.Editor.csproj", "{094F790C-AD7B-E8BE-9785-D5464EE3E48E}"
EndProject
Project("{FAE04EC0-301F-11D3-BF4B-00C04F79EFBC}") = "Unity.TextMeshPro.Editor", "Unity.TextMeshPro.Editor.csproj", "{CCAAA8D1-856F-DACC-717F-3BDEA00F5DC3}"
EndProject
Project("{FAE04EC0-301F-11D3-BF4B-00C04F79EFBC}") = "Unity.VisualScripting.SettingsProvider.Editor", "Unity.VisualScripting.SettingsProvider.Editor.csproj", "{43EAB788-BEA2-A4A1-F679-AF2EB617F90F}"
EndProject
Project("{FAE04EC0-301F-11D3-BF4B-00C04F79EFBC}") = "Unity.CollabProxy.Editor", "Unity.CollabProxy.Editor.csproj", "{9D8535E8-1E7B-7BE7-275D-B3B8AD9FC314}"
EndProject
Project("{FAE04EC0-301F-11D3-BF4B-00C04F79EFBC}") = "UnityEditor.TestRunner", "UnityEditor.TestRunner.csproj", "{82895704-C836-E06F-752F-6FA14A88CAC1}"
EndProject
Project("{FAE04EC0-301F-11D3-BF4B-00C04F79EFBC}") = "Unity.Services.Core.Editor", "Unity.Services.Core.Editor.csproj", "{983A3F7E-1580-6330-37F8-AE9419AA055B}"
EndProject
Project("{FAE04EC0-301F-11D3-BF4B-00C04F79EFBC}") = "Unity.TestTools.CodeCoverage.Editor", "Unity.TestTools.CodeCoverage.Editor.csproj", "{755FE23A-1B9D-8C86-5CF1-68BAEFC1BF9A}"
EndProject
Project("{FAE04EC0-301F-11D3-BF4B-00C04F79EFBC}") = "Unity.Rider.Editor", "Unity.Rider.Editor.csproj", "{7C07F479-A02E-8F49-8471-BC374EC62678}"
EndProject
Project("{FAE04EC0-301F-11D3-BF4B-00C04F79EFBC}") = "Unity.Performance.Profile-Analyzer.Editor", "Unity.Performance.Profile-Analyzer.Editor.csproj", "{57E0ACF7-B6FF-C80B-D89A-128E75CFD7F7}"
EndProject
Project("{FAE04EC0-301F-11D3-BF4B-00C04F79EFBC}") = "Unity.VSCode.Editor", "Unity.VSCode.Editor.csproj", "{0B1C79D6-20C9-581A-6645-C2F517F5C2D2}"
EndProject
Project("{FAE04EC0-301F-11D3-BF4B-00C04F79EFBC}") = "UnityEditor.UI", "UnityEditor.UI.csproj", "{4FCE2FBC-309E-52E4-C288-80114B6F3EB8}"
EndProject
Project("{FAE04EC0-301F-11D3-BF4B-00C04F79EFBC}") = "Unity.TestTools.CodeCoverage.Editor.OpenCover.Model", "Unity.TestTools.CodeCoverage.Editor.OpenCover.Model.csproj", "{7306E04E-53C1-7A39-A3B6-C1C63ED9BCC4}"
EndProject
Project("{FAE04EC0-301F-11D3-BF4B-00C04F79EFBC}") = "Unity.EditorCoroutines.Editor", "Unity.EditorCoroutines.Editor.csproj", "{73EE10F3-C9E7-B31A-34B1-43BFE0BC2ACB}"
EndProject
Project("{FAE04EC0-301F-11D3-BF4B-00C04F79EFBC}") = "Unity.Settings.Editor", "Unity.Settings.Editor.csproj", "{B3744CFB-5728-67F3-4029-B9EBDA277050}"
EndProject
Project("{FAE04EC0-301F-11D3-BF4B-00C04F79EFBC}") = "Unity.Services.Core.Configuration.Editor", "Unity.Services.Core.Configuration.Editor.csproj", "{012C3902-2C6E-BB36-63A4-A3E494526D0D}"
EndProject
Project("{FAE04EC0-301F-11D3-BF4B-00C04F79EFBC}") = "Unity.TestTools.CodeCoverage.Editor.OpenCover.Mono.Reflection", "Unity.TestTools.CodeCoverage.Editor.OpenCover.Mono.Reflection.csproj", "{6970A86F-E6F5-1581-D53D-18365ED099E1}"
EndProject
Project("{FAE04EC0-301F-11D3-BF4B-00C04F79EFBC}") = "Unity.VisualScripting.Shared.Editor", "Unity.VisualScripting.Shared.Editor.csproj", "{95387914-3E78-28B7-D4EB-FBEE3248A1BD}"
EndProject
Global
	GlobalSection(SolutionConfigurationPlatforms) = preSolution
		Debug|Any CPU = Debug|Any CPU
		Release|Any CPU = Release|Any CPU
	EndGlobalSection
	GlobalSection(ProjectConfigurationPlatforms) = postSolution
		{9CEBB425-CAB8-BBEA-F631-574C31248793}.Debug|Any CPU.ActiveCfg = Debug|Any CPU
		{9CEBB425-CAB8-BBEA-F631-574C31248793}.Debug|Any CPU.Build.0 = Debug|Any CPU
		{9CEBB425-CAB8-BBEA-F631-574C31248793}.Release|Any CPU.ActiveCfg = Release|Any CPU
		{9CEBB425-CAB8-BBEA-F631-574C31248793}.Release|Any CPU.Build.0 = Release|Any CPU
		{B9036D76-04CC-3CD8-759B-80CC5502DF9B}.Debug|Any CPU.ActiveCfg = Debug|Any CPU
		{B9036D76-04CC-3CD8-759B-80CC5502DF9B}.Debug|Any CPU.Build.0 = Debug|Any CPU
		{B9036D76-04CC-3CD8-759B-80CC5502DF9B}.Release|Any CPU.ActiveCfg = Release|Any CPU
		{B9036D76-04CC-3CD8-759B-80CC5502DF9B}.Release|Any CPU.Build.0 = Release|Any CPU
		{200B2003-5028-427A-7BC0-82379E4AED36}.Debug|Any CPU.ActiveCfg = Debug|Any CPU
		{200B2003-5028-427A-7BC0-82379E4AED36}.Debug|Any CPU.Build.0 = Debug|Any CPU
		{200B2003-5028-427A-7BC0-82379E4AED36}.Release|Any CPU.ActiveCfg = Release|Any CPU
		{200B2003-5028-427A-7BC0-82379E4AED36}.Release|Any CPU.Build.0 = Release|Any CPU
		{274D9BB0-1B03-8B88-86FA-CCB3B5B8FBF6}.Debug|Any CPU.ActiveCfg = Debug|Any CPU
		{274D9BB0-1B03-8B88-86FA-CCB3B5B8FBF6}.Debug|Any CPU.Build.0 = Debug|Any CPU
		{274D9BB0-1B03-8B88-86FA-CCB3B5B8FBF6}.Release|Any CPU.ActiveCfg = Release|Any CPU
		{274D9BB0-1B03-8B88-86FA-CCB3B5B8FBF6}.Release|Any CPU.Build.0 = Release|Any CPU
		{B0F41799-F2BC-FC7D-2C94-31D3E9D8ECCA}.Debug|Any CPU.ActiveCfg = Debug|Any CPU
		{B0F41799-F2BC-FC7D-2C94-31D3E9D8ECCA}.Debug|Any CPU.Build.0 = Debug|Any CPU
		{B0F41799-F2BC-FC7D-2C94-31D3E9D8ECCA}.Release|Any CPU.ActiveCfg = Release|Any CPU
		{B0F41799-F2BC-FC7D-2C94-31D3E9D8ECCA}.Release|Any CPU.Build.0 = Release|Any CPU
		{C817ECA4-4E34-BB17-1A49-313F887FF899}.Debug|Any CPU.ActiveCfg = Debug|Any CPU
		{C817ECA4-4E34-BB17-1A49-313F887FF899}.Debug|Any CPU.Build.0 = Debug|Any CPU
		{C817ECA4-4E34-BB17-1A49-313F887FF899}.Release|Any CPU.ActiveCfg = Release|Any CPU
		{C817ECA4-4E34-BB17-1A49-313F887FF899}.Release|Any CPU.Build.0 = Release|Any CPU
		{0FD1BD7F-7845-18B7-D3A4-50C4CE2DDAA1}.Debug|Any CPU.ActiveCfg = Debug|Any CPU
		{0FD1BD7F-7845-18B7-D3A4-50C4CE2DDAA1}.Debug|Any CPU.Build.0 = Debug|Any CPU
		{0FD1BD7F-7845-18B7-D3A4-50C4CE2DDAA1}.Release|Any CPU.ActiveCfg = Release|Any CPU
		{0FD1BD7F-7845-18B7-D3A4-50C4CE2DDAA1}.Release|Any CPU.Build.0 = Release|Any CPU
		{892E7EC6-83A8-2C2D-9D16-C8B138F626AE}.Debug|Any CPU.ActiveCfg = Debug|Any CPU
		{892E7EC6-83A8-2C2D-9D16-C8B138F626AE}.Debug|Any CPU.Build.0 = Debug|Any CPU
		{892E7EC6-83A8-2C2D-9D16-C8B138F626AE}.Release|Any CPU.ActiveCfg = Release|Any CPU
		{892E7EC6-83A8-2C2D-9D16-C8B138F626AE}.Release|Any CPU.Build.0 = Release|Any CPU
		{ADFFCF87-D6FF-1F37-68AE-6F674B2CC4B4}.Debug|Any CPU.ActiveCfg = Debug|Any CPU
		{ADFFCF87-D6FF-1F37-68AE-6F674B2CC4B4}.Debug|Any CPU.Build.0 = Debug|Any CPU
		{ADFFCF87-D6FF-1F37-68AE-6F674B2CC4B4}.Release|Any CPU.ActiveCfg = Release|Any CPU
		{ADFFCF87-D6FF-1F37-68AE-6F674B2CC4B4}.Release|Any CPU.Build.0 = Release|Any CPU
		{EB7D9F4C-981A-DBF9-EE72-25EDA0881E8D}.Debug|Any CPU.ActiveCfg = Debug|Any CPU
		{EB7D9F4C-981A-DBF9-EE72-25EDA0881E8D}.Debug|Any CPU.Build.0 = Debug|Any CPU
		{EB7D9F4C-981A-DBF9-EE72-25EDA0881E8D}.Release|Any CPU.ActiveCfg = Release|Any CPU
		{EB7D9F4C-981A-DBF9-EE72-25EDA0881E8D}.Release|Any CPU.Build.0 = Release|Any CPU
		{3D7B9696-473D-568C-20EC-C4879F22D7B4}.Debug|Any CPU.ActiveCfg = Debug|Any CPU
		{3D7B9696-473D-568C-20EC-C4879F22D7B4}.Debug|Any CPU.Build.0 = Debug|Any CPU
		{3D7B9696-473D-568C-20EC-C4879F22D7B4}.Release|Any CPU.ActiveCfg = Release|Any CPU
		{3D7B9696-473D-568C-20EC-C4879F22D7B4}.Release|Any CPU.Build.0 = Release|Any CPU
		{9E398263-493C-A7CC-18A5-63E74738ACAA}.Debug|Any CPU.ActiveCfg = Debug|Any CPU
		{9E398263-493C-A7CC-18A5-63E74738ACAA}.Debug|Any CPU.Build.0 = Debug|Any CPU
		{9E398263-493C-A7CC-18A5-63E74738ACAA}.Release|Any CPU.ActiveCfg = Release|Any CPU
		{9E398263-493C-A7CC-18A5-63E74738ACAA}.Release|Any CPU.Build.0 = Release|Any CPU
		{AE76C3A3-5AD5-63F5-934C-EF1D18797A66}.Debug|Any CPU.ActiveCfg = Debug|Any CPU
		{AE76C3A3-5AD5-63F5-934C-EF1D18797A66}.Debug|Any CPU.Build.0 = Debug|Any CPU
		{AE76C3A3-5AD5-63F5-934C-EF1D18797A66}.Release|Any CPU.ActiveCfg = Release|Any CPU
		{AE76C3A3-5AD5-63F5-934C-EF1D18797A66}.Release|Any CPU.Build.0 = Release|Any CPU
		{BCC06D0F-29B8-11AA-B3CD-8AA495950CF1}.Debug|Any CPU.ActiveCfg = Debug|Any CPU
		{BCC06D0F-29B8-11AA-B3CD-8AA495950CF1}.Debug|Any CPU.Build.0 = Debug|Any CPU
		{BCC06D0F-29B8-11AA-B3CD-8AA495950CF1}.Release|Any CPU.ActiveCfg = Release|Any CPU
		{BCC06D0F-29B8-11AA-B3CD-8AA495950CF1}.Release|Any CPU.Build.0 = Release|Any CPU
		{FF872358-EFE5-A653-85AB-605E833208F1}.Debug|Any CPU.ActiveCfg = Debug|Any CPU
		{FF872358-EFE5-A653-85AB-605E833208F1}.Debug|Any CPU.Build.0 = Debug|Any CPU
		{FF872358-EFE5-A653-85AB-605E833208F1}.Release|Any CPU.ActiveCfg = Release|Any CPU
		{FF872358-EFE5-A653-85AB-605E833208F1}.Release|Any CPU.Build.0 = Release|Any CPU
		{22C02DC0-106C-5436-2520-23D60EFF4DE3}.Debug|Any CPU.ActiveCfg = Debug|Any CPU
		{22C02DC0-106C-5436-2520-23D60EFF4DE3}.Debug|Any CPU.Build.0 = Debug|Any CPU
		{22C02DC0-106C-5436-2520-23D60EFF4DE3}.Release|Any CPU.ActiveCfg = Release|Any CPU
		{22C02DC0-106C-5436-2520-23D60EFF4DE3}.Release|Any CPU.Build.0 = Release|Any CPU
		{0FE434CF-3914-DE49-CBE4-DDA3BFADA43B}.Debug|Any CPU.ActiveCfg = Debug|Any CPU
		{0FE434CF-3914-DE49-CBE4-DDA3BFADA43B}.Debug|Any CPU.Build.0 = Debug|Any CPU
		{0FE434CF-3914-DE49-CBE4-DDA3BFADA43B}.Release|Any CPU.ActiveCfg = Release|Any CPU
		{0FE434CF-3914-DE49-CBE4-DDA3BFADA43B}.Release|Any CPU.Build.0 = Release|Any CPU
		{42C9922C-846B-68DE-E375-BEA4B8053BD9}.Debug|Any CPU.ActiveCfg = Debug|Any CPU
		{42C9922C-846B-68DE-E375-BEA4B8053BD9}.Debug|Any CPU.Build.0 = Debug|Any CPU
		{42C9922C-846B-68DE-E375-BEA4B8053BD9}.Release|Any CPU.ActiveCfg = Release|Any CPU
		{42C9922C-846B-68DE-E375-BEA4B8053BD9}.Release|Any CPU.Build.0 = Release|Any CPU
		{48B9BFFD-4DDE-5505-CD27-17BE87B8CCF0}.Debug|Any CPU.ActiveCfg = Debug|Any CPU
		{48B9BFFD-4DDE-5505-CD27-17BE87B8CCF0}.Debug|Any CPU.Build.0 = Debug|Any CPU
		{48B9BFFD-4DDE-5505-CD27-17BE87B8CCF0}.Release|Any CPU.ActiveCfg = Release|Any CPU
		{48B9BFFD-4DDE-5505-CD27-17BE87B8CCF0}.Release|Any CPU.Build.0 = Release|Any CPU
		{5FB85AE3-D086-CBEB-FEEA-B363B0289BC7}.Debug|Any CPU.ActiveCfg = Debug|Any CPU
		{5FB85AE3-D086-CBEB-FEEA-B363B0289BC7}.Debug|Any CPU.Build.0 = Debug|Any CPU
		{5FB85AE3-D086-CBEB-FEEA-B363B0289BC7}.Release|Any CPU.ActiveCfg = Release|Any CPU
		{5FB85AE3-D086-CBEB-FEEA-B363B0289BC7}.Release|Any CPU.Build.0 = Release|Any CPU
		{DA357D71-A520-4A76-701A-15469E8986D7}.Debug|Any CPU.ActiveCfg = Debug|Any CPU
		{DA357D71-A520-4A76-701A-15469E8986D7}.Debug|Any CPU.Build.0 = Debug|Any CPU
		{DA357D71-A520-4A76-701A-15469E8986D7}.Release|Any CPU.ActiveCfg = Release|Any CPU
		{DA357D71-A520-4A76-701A-15469E8986D7}.Release|Any CPU.Build.0 = Release|Any CPU
		{BC5663BE-60A1-887A-B09A-7B6542A8EA9A}.Debug|Any CPU.ActiveCfg = Debug|Any CPU
		{BC5663BE-60A1-887A-B09A-7B6542A8EA9A}.Debug|Any CPU.Build.0 = Debug|Any CPU
		{BC5663BE-60A1-887A-B09A-7B6542A8EA9A}.Release|Any CPU.ActiveCfg = Release|Any CPU
		{BC5663BE-60A1-887A-B09A-7B6542A8EA9A}.Release|Any CPU.Build.0 = Release|Any CPU
		{A8BDEF16-67D4-633E-651E-BEC101E052AF}.Debug|Any CPU.ActiveCfg = Debug|Any CPU
		{A8BDEF16-67D4-633E-651E-BEC101E052AF}.Debug|Any CPU.Build.0 = Debug|Any CPU
		{A8BDEF16-67D4-633E-651E-BEC101E052AF}.Release|Any CPU.ActiveCfg = Release|Any CPU
		{A8BDEF16-67D4-633E-651E-BEC101E052AF}.Release|Any CPU.Build.0 = Release|Any CPU
		{C5D12D54-E354-9354-5A76-9110698C6ED6}.Debug|Any CPU.ActiveCfg = Debug|Any CPU
		{C5D12D54-E354-9354-5A76-9110698C6ED6}.Debug|Any CPU.Build.0 = Debug|Any CPU
		{C5D12D54-E354-9354-5A76-9110698C6ED6}.Release|Any CPU.ActiveCfg = Release|Any CPU
		{C5D12D54-E354-9354-5A76-9110698C6ED6}.Release|Any CPU.Build.0 = Release|Any CPU
		{54166E04-BDF6-F35D-4221-9E5331D229B9}.Debug|Any CPU.ActiveCfg = Debug|Any CPU
		{54166E04-BDF6-F35D-4221-9E5331D229B9}.Debug|Any CPU.Build.0 = Debug|Any CPU
		{54166E04-BDF6-F35D-4221-9E5331D229B9}.Release|Any CPU.ActiveCfg = Release|Any CPU
		{54166E04-BDF6-F35D-4221-9E5331D229B9}.Release|Any CPU.Build.0 = Release|Any CPU
		{094F790C-AD7B-E8BE-9785-D5464EE3E48E}.Debug|Any CPU.ActiveCfg = Debug|Any CPU
		{094F790C-AD7B-E8BE-9785-D5464EE3E48E}.Debug|Any CPU.Build.0 = Debug|Any CPU
		{094F790C-AD7B-E8BE-9785-D5464EE3E48E}.Release|Any CPU.ActiveCfg = Release|Any CPU
		{094F790C-AD7B-E8BE-9785-D5464EE3E48E}.Release|Any CPU.Build.0 = Release|Any CPU
		{CCAAA8D1-856F-DACC-717F-3BDEA00F5DC3}.Debug|Any CPU.ActiveCfg = Debug|Any CPU
		{CCAAA8D1-856F-DACC-717F-3BDEA00F5DC3}.Debug|Any CPU.Build.0 = Debug|Any CPU
		{CCAAA8D1-856F-DACC-717F-3BDEA00F5DC3}.Release|Any CPU.ActiveCfg = Release|Any CPU
		{CCAAA8D1-856F-DACC-717F-3BDEA00F5DC3}.Release|Any CPU.Build.0 = Release|Any CPU
		{43EAB788-BEA2-A4A1-F679-AF2EB617F90F}.Debug|Any CPU.ActiveCfg = Debug|Any CPU
		{43EAB788-BEA2-A4A1-F679-AF2EB617F90F}.Debug|Any CPU.Build.0 = Debug|Any CPU
		{43EAB788-BEA2-A4A1-F679-AF2EB617F90F}.Release|Any CPU.ActiveCfg = Release|Any CPU
		{43EAB788-BEA2-A4A1-F679-AF2EB617F90F}.Release|Any CPU.Build.0 = Release|Any CPU
		{9D8535E8-1E7B-7BE7-275D-B3B8AD9FC314}.Debug|Any CPU.ActiveCfg = Debug|Any CPU
		{9D8535E8-1E7B-7BE7-275D-B3B8AD9FC314}.Debug|Any CPU.Build.0 = Debug|Any CPU
		{9D8535E8-1E7B-7BE7-275D-B3B8AD9FC314}.Release|Any CPU.ActiveCfg = Release|Any CPU
		{9D8535E8-1E7B-7BE7-275D-B3B8AD9FC314}.Release|Any CPU.Build.0 = Release|Any CPU
		{82895704-C836-E06F-752F-6FA14A88CAC1}.Debug|Any CPU.ActiveCfg = Debug|Any CPU
		{82895704-C836-E06F-752F-6FA14A88CAC1}.Debug|Any CPU.Build.0 = Debug|Any CPU
		{82895704-C836-E06F-752F-6FA14A88CAC1}.Release|Any CPU.ActiveCfg = Release|Any CPU
		{82895704-C836-E06F-752F-6FA14A88CAC1}.Release|Any CPU.Build.0 = Release|Any CPU
		{983A3F7E-1580-6330-37F8-AE9419AA055B}.Debug|Any CPU.ActiveCfg = Debug|Any CPU
		{983A3F7E-1580-6330-37F8-AE9419AA055B}.Debug|Any CPU.Build.0 = Debug|Any CPU
		{983A3F7E-1580-6330-37F8-AE9419AA055B}.Release|Any CPU.ActiveCfg = Release|Any CPU
		{983A3F7E-1580-6330-37F8-AE9419AA055B}.Release|Any CPU.Build.0 = Release|Any CPU
		{755FE23A-1B9D-8C86-5CF1-68BAEFC1BF9A}.Debug|Any CPU.ActiveCfg = Debug|Any CPU
		{755FE23A-1B9D-8C86-5CF1-68BAEFC1BF9A}.Debug|Any CPU.Build.0 = Debug|Any CPU
		{755FE23A-1B9D-8C86-5CF1-68BAEFC1BF9A}.Release|Any CPU.ActiveCfg = Release|Any CPU
		{755FE23A-1B9D-8C86-5CF1-68BAEFC1BF9A}.Release|Any CPU.Build.0 = Release|Any CPU
		{7C07F479-A02E-8F49-8471-BC374EC62678}.Debug|Any CPU.ActiveCfg = Debug|Any CPU
		{7C07F479-A02E-8F49-8471-BC374EC62678}.Debug|Any CPU.Build.0 = Debug|Any CPU
		{7C07F479-A02E-8F49-8471-BC374EC62678}.Release|Any CPU.ActiveCfg = Release|Any CPU
		{7C07F479-A02E-8F49-8471-BC374EC62678}.Release|Any CPU.Build.0 = Release|Any CPU
		{57E0ACF7-B6FF-C80B-D89A-128E75CFD7F7}.Debug|Any CPU.ActiveCfg = Debug|Any CPU
		{57E0ACF7-B6FF-C80B-D89A-128E75CFD7F7}.Debug|Any CPU.Build.0 = Debug|Any CPU
		{57E0ACF7-B6FF-C80B-D89A-128E75CFD7F7}.Release|Any CPU.ActiveCfg = Release|Any CPU
		{57E0ACF7-B6FF-C80B-D89A-128E75CFD7F7}.Release|Any CPU.Build.0 = Release|Any CPU
		{0B1C79D6-20C9-581A-6645-C2F517F5C2D2}.Debug|Any CPU.ActiveCfg = Debug|Any CPU
		{0B1C79D6-20C9-581A-6645-C2F517F5C2D2}.Debug|Any CPU.Build.0 = Debug|Any CPU
		{0B1C79D6-20C9-581A-6645-C2F517F5C2D2}.Release|Any CPU.ActiveCfg = Release|Any CPU
		{0B1C79D6-20C9-581A-6645-C2F517F5C2D2}.Release|Any CPU.Build.0 = Release|Any CPU
		{4FCE2FBC-309E-52E4-C288-80114B6F3EB8}.Debug|Any CPU.ActiveCfg = Debug|Any CPU
		{4FCE2FBC-309E-52E4-C288-80114B6F3EB8}.Debug|Any CPU.Build.0 = Debug|Any CPU
		{4FCE2FBC-309E-52E4-C288-80114B6F3EB8}.Release|Any CPU.ActiveCfg = Release|Any CPU
		{4FCE2FBC-309E-52E4-C288-80114B6F3EB8}.Release|Any CPU.Build.0 = Release|Any CPU
		{7306E04E-53C1-7A39-A3B6-C1C63ED9BCC4}.Debug|Any CPU.ActiveCfg = Debug|Any CPU
		{7306E04E-53C1-7A39-A3B6-C1C63ED9BCC4}.Debug|Any CPU.Build.0 = Debug|Any CPU
		{7306E04E-53C1-7A39-A3B6-C1C63ED9BCC4}.Release|Any CPU.ActiveCfg = Release|Any CPU
		{7306E04E-53C1-7A39-A3B6-C1C63ED9BCC4}.Release|Any CPU.Build.0 = Release|Any CPU
		{73EE10F3-C9E7-B31A-34B1-43BFE0BC2ACB}.Debug|Any CPU.ActiveCfg = Debug|Any CPU
		{73EE10F3-C9E7-B31A-34B1-43BFE0BC2ACB}.Debug|Any CPU.Build.0 = Debug|Any CPU
		{73EE10F3-C9E7-B31A-34B1-43BFE0BC2ACB}.Release|Any CPU.ActiveCfg = Release|Any CPU
		{73EE10F3-C9E7-B31A-34B1-43BFE0BC2ACB}.Release|Any CPU.Build.0 = Release|Any CPU
		{B3744CFB-5728-67F3-4029-B9EBDA277050}.Debug|Any CPU.ActiveCfg = Debug|Any CPU
		{B3744CFB-5728-67F3-4029-B9EBDA277050}.Debug|Any CPU.Build.0 = Debug|Any CPU
		{B3744CFB-5728-67F3-4029-B9EBDA277050}.Release|Any CPU.ActiveCfg = Release|Any CPU
		{B3744CFB-5728-67F3-4029-B9EBDA277050}.Release|Any CPU.Build.0 = Release|Any CPU
		{012C3902-2C6E-BB36-63A4-A3E494526D0D}.Debug|Any CPU.ActiveCfg = Debug|Any CPU
		{012C3902-2C6E-BB36-63A4-A3E494526D0D}.Debug|Any CPU.Build.0 = Debug|Any CPU
		{012C3902-2C6E-BB36-63A4-A3E494526D0D}.Release|Any CPU.ActiveCfg = Release|Any CPU
		{012C3902-2C6E-BB36-63A4-A3E494526D0D}.Release|Any CPU.Build.0 = Release|Any CPU
		{6970A86F-E6F5-1581-D53D-18365ED099E1}.Debug|Any CPU.ActiveCfg = Debug|Any CPU
		{6970A86F-E6F5-1581-D53D-18365ED099E1}.Debug|Any CPU.Build.0 = Debug|Any CPU
		{6970A86F-E6F5-1581-D53D-18365ED099E1}.Release|Any CPU.ActiveCfg = Release|Any CPU
		{6970A86F-E6F5-1581-D53D-18365ED099E1}.Release|Any CPU.Build.0 = Release|Any CPU
		{95387914-3E78-28B7-D4EB-FBEE3248A1BD}.Debug|Any CPU.ActiveCfg = Debug|Any CPU
		{95387914-3E78-28B7-D4EB-FBEE3248A1BD}.Debug|Any CPU.Build.0 = Debug|Any CPU
		{95387914-3E78-28B7-D4EB-FBEE3248A1BD}.Release|Any CPU.ActiveCfg = Release|Any CPU
		{95387914-3E78-28B7-D4EB-FBEE3248A1BD}.Release|Any CPU.Build.0 = Release|Any CPU
	EndGlobalSection
	GlobalSection(SolutionProperties) = preSolution
		HideSolutionNode = FALSE
	EndGlobalSection
EndGlobal
